
Microsoft Visual Studio Solution File, Format Version 12.00
# Visual Studio Version 16
VisualStudioVersion = 16.0.30621.155
MinimumVisualStudioVersion = 10.0.40219.1
Project("{8BC9CEB8-8B4A-11D0-8D11-00A0C91BC942}") = "lab 3.3 A", "lab 3.3 A\lab 3.3 A.vcxproj", "{B0D91158-CD8D-4F81-8FB0-5BCEFB3E4145}"
EndProject
Project("{8BC9CEB8-8B4A-11D0-8D11-00A0C91BC942}") = "UnitTest3.3A", "UnitTest3.3A\UnitTest3.3A.vcxproj", "{1B115FBB-0926-49AF-80CD-68AD20612605}"
EndProject
Global
	GlobalSection(SolutionConfigurationPlatforms) = preSolution
		Debug|x64 = Debug|x64
		Debug|x86 = Debug|x86
		Release|x64 = Release|x64
		Release|x86 = Release|x86
	EndGlobalSection
	GlobalSection(ProjectConfigurationPlatforms) = postSolution
		{B0D91158-CD8D-4F81-8FB0-5BCEFB3E4145}.Debug|x64.ActiveCfg = Debug|x64
		{B0D91158-CD8D-4F81-8FB0-5BCEFB3E4145}.Debug|x64.Build.0 = Debug|x64
		{B0D91158-CD8D-4F81-8FB0-5BCEFB3E4145}.Debug|x86.ActiveCfg = Debug|Win32
		{B0D91158-CD8D-4F81-8FB0-5BCEFB3E4145}.Debug|x86.Build.0 = Debug|Win32
		{B0D91158-CD8D-4F81-8FB0-5BCEFB3E4145}.Release|x64.ActiveCfg = Release|x64
		{B0D91158-CD8D-4F81-8FB0-5BCEFB3E4145}.Release|x64.Build.0 = Release|x64
		{B0D91158-CD8D-4F81-8FB0-5BCEFB3E4145}.Release|x86.ActiveCfg = Release|Win32
		{B0D91158-CD8D-4F81-8FB0-5BCEFB3E4145}.Release|x86.Build.0 = Release|Win32
		{1B115FBB-0926-49AF-80CD-68AD20612605}.Debug|x64.ActiveCfg = Debug|x64
		{1B115FBB-0926-49AF-80CD-68AD20612605}.Debug|x64.Build.0 = Debug|x64
		{1B115FBB-0926-49AF-80CD-68AD20612605}.Debug|x86.ActiveCfg = Debug|Win32
		{1B115FBB-0926-49AF-80CD-68AD20612605}.Debug|x86.Build.0 = Debug|Win32
		{1B115FBB-0926-49AF-80CD-68AD20612605}.Release|x64.ActiveCfg = Release|x64
		{1B115FBB-0926-49AF-80CD-68AD20612605}.Release|x64.Build.0 = Release|x64
		{1B115FBB-0926-49AF-80CD-68AD20612605}.Release|x86.ActiveCfg = Release|Win32
		{1B115FBB-0926-49AF-80CD-68AD20612605}.Release|x86.Build.0 = Release|Win32
	EndGlobalSection
	GlobalSection(SolutionProperties) = preSolution
		HideSolutionNode = FALSE
	EndGlobalSection
	GlobalSection(ExtensibilityGlobals) = postSolution
		SolutionGuid = {242AD8AF-36EC-485C-AB38-32EE7B4BC9E5}
	EndGlobalSection
EndGlobal
